
Microsoft Visual Studio Solution File, Format Version 12.00
# Visual Studio 15
VisualStudioVersion = 15.0.28307.329
MinimumVisualStudioVersion = 10.0.40219.1
Project("{FAE04EC0-301F-11D3-BF4B-00C04F79EFBC}") = "Task1", "Task1\Task1.csproj", "{FF67710A-69EA-402F-BEA9-55BACD6011DC}"
EndProject
Project("{FAE04EC0-301F-11D3-BF4B-00C04F79EFBC}") = "Task2", "Task2\Task2.csproj", "{30CEC5CF-B17B-4AE7-AC10-A5AF00EE2FA4}"
EndProject
Project("{FAE04EC0-301F-11D3-BF4B-00C04F79EFBC}") = "Task3", "Task3\Task3.csproj", "{DCD394EA-DC47-495A-BD95-6E3227D9A4FF}"
EndProject
Project("{FAE04EC0-301F-11D3-BF4B-00C04F79EFBC}") = "Task4", "Task4\Task4.csproj", "{781B4990-C8D3-478A-B693-AD55BCBCD5C3}"
EndProject
Global
	GlobalSection(SolutionConfigurationPlatforms) = preSolution
		Debug|Any CPU = Debug|Any CPU
		Release|Any CPU = Release|Any CPU
	EndGlobalSection
	GlobalSection(ProjectConfigurationPlatforms) = postSolution
		{FF67710A-69EA-402F-BEA9-55BACD6011DC}.Debug|Any CPU.ActiveCfg = Debug|Any CPU
		{FF67710A-69EA-402F-BEA9-55BACD6011DC}.Debug|Any CPU.Build.0 = Debug|Any CPU
		{FF67710A-69EA-402F-BEA9-55BACD6011DC}.Release|Any CPU.ActiveCfg = Release|Any CPU
		{FF67710A-69EA-402F-BEA9-55BACD6011DC}.Release|Any CPU.Build.0 = Release|Any CPU
		{30CEC5CF-B17B-4AE7-AC10-A5AF00EE2FA4}.Debug|Any CPU.ActiveCfg = Debug|Any CPU
		{30CEC5CF-B17B-4AE7-AC10-A5AF00EE2FA4}.Debug|Any CPU.Build.0 = Debug|Any CPU
		{30CEC5CF-B17B-4AE7-AC10-A5AF00EE2FA4}.Release|Any CPU.ActiveCfg = Release|Any CPU
		{30CEC5CF-B17B-4AE7-AC10-A5AF00EE2FA4}.Release|Any CPU.Build.0 = Release|Any CPU
		{DCD394EA-DC47-495A-BD95-6E3227D9A4FF}.Debug|Any CPU.ActiveCfg = Debug|Any CPU
		{DCD394EA-DC47-495A-BD95-6E3227D9A4FF}.Debug|Any CPU.Build.0 = Debug|Any CPU
		{DCD394EA-DC47-495A-BD95-6E3227D9A4FF}.Release|Any CPU.ActiveCfg = Release|Any CPU
		{DCD394EA-DC47-495A-BD95-6E3227D9A4FF}.Release|Any CPU.Build.0 = Release|Any CPU
		{781B4990-C8D3-478A-B693-AD55BCBCD5C3}.Debug|Any CPU.ActiveCfg = Debug|Any CPU
		{781B4990-C8D3-478A-B693-AD55BCBCD5C3}.Debug|Any CPU.Build.0 = Debug|Any CPU
		{781B4990-C8D3-478A-B693-AD55BCBCD5C3}.Release|Any CPU.ActiveCfg = Release|Any CPU
		{781B4990-C8D3-478A-B693-AD55BCBCD5C3}.Release|Any CPU.Build.0 = Release|Any CPU
	EndGlobalSection
	GlobalSection(SolutionProperties) = preSolution
		HideSolutionNode = FALSE
	EndGlobalSection
	GlobalSection(ExtensibilityGlobals) = postSolution
		SolutionGuid = {4C5FF50D-3DD7-49E1-BA7C-0D85625559D2}
	EndGlobalSection
EndGlobal
